
Microsoft Visual Studio Solution File, Format Version 12.00
# Visual Studio Version 16
VisualStudioVersion = 16.0.29306.81
MinimumVisualStudioVersion = 10.0.40219.1
Project("{FAE04EC0-301F-11D3-BF4B-00C04F79EFBC}") = "DoomedKitchen", "DoomedKitchen\DoomedKitchen.csproj", "{52904CD8-E03D-4710-A88F-FD772275018A}"
EndProject
Global
	GlobalSection(SolutionConfigurationPlatforms) = preSolution
		Debug|Any CPU = Debug|Any CPU
		Release|Any CPU = Release|Any CPU
	EndGlobalSection
	GlobalSection(ProjectConfigurationPlatforms) = postSolution
		{52904CD8-E03D-4710-A88F-FD772275018A}.Debug|Any CPU.ActiveCfg = Debug|Any CPU
		{52904CD8-E03D-4710-A88F-FD772275018A}.Debug|Any CPU.Build.0 = Debug|Any CPU
		{52904CD8-E03D-4710-A88F-FD772275018A}.Release|Any CPU.ActiveCfg = Release|Any CPU
		{52904CD8-E03D-4710-A88F-FD772275018A}.Release|Any CPU.Build.0 = Release|Any CPU
	EndGlobalSection
	GlobalSection(SolutionProperties) = preSolution
		HideSolutionNode = FALSE
	EndGlobalSection
	GlobalSection(ExtensibilityGlobals) = postSolution
		SolutionGuid = {59A6CE75-690C-4F37-8462-E5D2A01B0CA4}
	EndGlobalSection
EndGlobal
